{
  "requires": true,
  "lockfileVersion": 1,
  "dependencies": {
    "bootstrap-darkmode": {
      "version": "0.9.1",
      "resolved": "https://registry.npmjs.org/bootstrap-darkmode/-/bootstrap-darkmode-0.9.1.tgz",
      "integrity": "sha512-uoJEo8jpi0bpNyHRmQ0dmDJUNYsTFSnqEJZikqGrLUDRomcVcgh4qF6WC3lU8nMyH0hAzxlzU2Xzn0NjSXMlCA==",
      "requires": {
        "tslib": "^2.2.0"
      }
    },
    "bootstrap-icons": {
      "version": "1.7.2",
      "resolved": "https://registry.npmjs.org/bootstrap-icons/-/bootstrap-icons-1.7.2.tgz",
      "integrity": "sha512-NiR2PqC73AQOPdVSu6GJfnk+hN2z6powcistXk1JgPnKuoV2FSdSl26w931Oz9HYbKCcKUSB6ncZTYJAYJl3QQ=="
    },
    "chart.js": {
      "version": "3.7.0",
      "resolved": "https://registry.npmjs.org/chart.js/-/chart.js-3.7.0.tgz",
      "integrity": "sha512-31gVuqqKp3lDIFmzpKIrBeum4OpZsQjSIAqlOpgjosHDJZlULtvwLEZKtEhIAZc7JMPaHlYMys40Qy9Mf+1AAg=="
    },
    "dark-mode-switch": {
      "version": "1.0.0",
      "resolved": "https://registry.npmjs.org/dark-mode-switch/-/dark-mode-switch-1.0.0.tgz",
      "integrity": "sha512-wRoqYGmph7mwRbPcSNRR6DpRQe5wOK0lG6O3Hz7nIWWDyLAHSqje7PUI6c/acOYACiSPHc7sqysn57GSuklb6w=="
    },
    "tslib": {
      "version": "2.3.1",
      "resolved": "https://registry.npmjs.org/tslib/-/tslib-2.3.1.tgz",
      "integrity": "sha512-77EbyPPpMz+FRFRuAFlWMtmgUWGe9UOG2Z25NqCwiIjRhOf5iKGuzSe5P2w1laq+FkRy4p+PCuVkJSGkzTEKVw=="
    }
  }
}
